
Microsoft Visual Studio Solution File, Format Version 12.00
# Visual Studio Version 17
VisualStudioVersion = 17.9.34723.18
MinimumVisualStudioVersion = 10.0.40219.1
Project("{FAE04EC0-301F-11D3-BF4B-00C04F79EFBC}") = "ejercicio 1", "ejercicio 1\ejercicio 1.csproj", "{E7C78A04-EB93-4C90-AC2D-D29D4A6F9DF8}"
EndProject
Global
	GlobalSection(SolutionConfigurationPlatforms) = preSolution
		Debug|Any CPU = Debug|Any CPU
		Release|Any CPU = Release|Any CPU
	EndGlobalSection
	GlobalSection(ProjectConfigurationPlatforms) = postSolution
		{E7C78A04-EB93-4C90-AC2D-D29D4A6F9DF8}.Debug|Any CPU.ActiveCfg = Debug|Any CPU
		{E7C78A04-EB93-4C90-AC2D-D29D4A6F9DF8}.Debug|Any CPU.Build.0 = Debug|Any CPU
		{E7C78A04-EB93-4C90-AC2D-D29D4A6F9DF8}.Release|Any CPU.ActiveCfg = Release|Any CPU
		{E7C78A04-EB93-4C90-AC2D-D29D4A6F9DF8}.Release|Any CPU.Build.0 = Release|Any CPU
	EndGlobalSection
	GlobalSection(SolutionProperties) = preSolution
		HideSolutionNode = FALSE
	EndGlobalSection
	GlobalSection(ExtensibilityGlobals) = postSolution
		SolutionGuid = {312B327D-49DF-4CAC-8D84-E94A5482AF9C}
	EndGlobalSection
EndGlobal
